{
  "name": "jason",
  "version": "1.0.0",
  "lockfileVersion": 1,
  "requires": true,
  "dependencies": {
    "phaser-ce": {
      "version": "2.10.2",
      "resolved": "https://registry.npmjs.org/phaser-ce/-/phaser-ce-2.10.2.tgz",
      "integrity": "sha1-8ISZT91SESVny2ruLKKXAtS6eSI="
    }
  }
}
